
Microsoft Visual Studio Solution File, Format Version 12.00
# Visual Studio 2013
VisualStudioVersion = 12.0.21005.1
MinimumVisualStudioVersion = 10.0.40219.1
Project("{CC5FD16D-436D-48AD-A40C-5A424C6E3E79}") = "DoyaChat", "DoyaChat\DoyaChat.ccproj", "{2EE453F5-40D8-4D59-BF55-BDB56AEA89D4}"
EndProject
Project("{FAE04EC0-301F-11D3-BF4B-00C04F79EFBC}") = "WFE", "WFE\WFE.csproj", "{64610082-AF79-45D0-93D4-6C66D72B090F}"
EndProject
Global
	GlobalSection(SolutionConfigurationPlatforms) = preSolution
		Debug|Any CPU = Debug|Any CPU
		Release|Any CPU = Release|Any CPU
	EndGlobalSection
	GlobalSection(ProjectConfigurationPlatforms) = postSolution
		{2EE453F5-40D8-4D59-BF55-BDB56AEA89D4}.Debug|Any CPU.ActiveCfg = Debug|Any CPU
		{2EE453F5-40D8-4D59-BF55-BDB56AEA89D4}.Debug|Any CPU.Build.0 = Debug|Any CPU
		{2EE453F5-40D8-4D59-BF55-BDB56AEA89D4}.Release|Any CPU.ActiveCfg = Release|Any CPU
		{2EE453F5-40D8-4D59-BF55-BDB56AEA89D4}.Release|Any CPU.Build.0 = Release|Any CPU
		{64610082-AF79-45D0-93D4-6C66D72B090F}.Debug|Any CPU.ActiveCfg = Debug|Any CPU
		{64610082-AF79-45D0-93D4-6C66D72B090F}.Debug|Any CPU.Build.0 = Debug|Any CPU
		{64610082-AF79-45D0-93D4-6C66D72B090F}.Release|Any CPU.ActiveCfg = Release|Any CPU
		{64610082-AF79-45D0-93D4-6C66D72B090F}.Release|Any CPU.Build.0 = Release|Any CPU
	EndGlobalSection
	GlobalSection(SolutionProperties) = preSolution
		HideSolutionNode = FALSE
	EndGlobalSection
EndGlobal
